{
    "_readme": [
        "This file locks the dependencies of your project to a known state",
        "Read more about it at https://getcomposer.org/doc/01-basic-usage.md#installing-dependencies",
        "This file is @generated automatically"
    ],
    "content-hash": "9ac0af1c02f46258707706c6e5d79f4d",
    "packages": [
        {
            "name": "hongxunpan/db",
            "version": "1.0.2",
            "source": {
                "type": "git",
                "url": "https://github.com/HongXunPan/db-connection.git",
                "reference": "1c05ba489caa3de25989144612b240fe4ed098f9"
            },
            "dist": {
                "type": "zip",
                "url": "https://api.github.com/repos/HongXunPan/db-connection/zipball/1c05ba489caa3de25989144612b240fe4ed098f9",
                "reference": "1c05ba489caa3de25989144612b240fe4ed098f9",
                "shasum": ""
            },
            "require": {
                "php": ">=5.6"
            },
            "require-dev": {
                "symfony/var-dumper": "^6.0"
            },
            "type": "library",
            "autoload": {
                "psr-4": {
                    "HongXunPan\\DB\\": "src/"
                }
            },
            "notification-url": "https://packagist.org/downloads/",
            "license": [
                "MIT"
            ],
            "authors": [
                {
                    "name": "HongXunPan",
                    "email": "me@kangxuanpeng.com"
                }
            ],
            "description": "connections for db, such as mysql & redis ...",
            "support": {
                "issues": "https://github.com/HongXunPan/db-connection/issues",
                "source": "https://github.com/HongXunPan/db-connection/tree/1.0.2"
            },
            "time": "2022-10-15T07:30:49+00:00"
        },
        {
            "name": "psr/log",
            "version": "1.1.4",
            "source": {
                "type": "git",
                "url": "https://github.com/php-fig/log.git",
                "reference": "d49695b909c3b7628b6289db5479a1c204601f11"
            },
            "dist": {
                "type": "zip",
                "url": "https://api.github.com/repos/php-fig/log/zipball/d49695b909c3b7628b6289db5479a1c204601f11",
                "reference": "d49695b909c3b7628b6289db5479a1c204601f11",
                "shasum": ""
            },
            "require": {
                "php": ">=5.3.0"
            },
            "type": "library",
            "extra": {
                "branch-alias": {
                    "dev-master": "1.1.x-dev"
                }
            },
            "autoload": {
                "psr-4": {
                    "Psr\\Log\\": "Psr/Log/"
                }
            },
            "notification-url": "https://packagist.org/downloads/",
            "license": [
                "MIT"
            ],
            "authors": [
                {
                    "name": "PHP-FIG",
                    "homepage": "https://www.php-fig.org/"
                }
            ],
            "description": "Common interface for logging libraries",
            "homepage": "https://github.com/php-fig/log",
            "keywords": [
                "log",
                "psr",
                "psr-3"
            ],
            "support": {
                "source": "https://github.com/php-fig/log/tree/1.1.4"
            },
            "time": "2021-05-03T11:20:27+00:00"
        }
    ],
    "packages-dev": [],
    "aliases": [],
    "minimum-stability": "stable",
    "stability-flags": [],
    "prefer-stable": false,
    "prefer-lowest": false,
    "platform": {
        "php": ">=5.6"
    },
    "platform-dev": [],
    "platform-overrides": {
        "php": "5.6.0"
    },
    "plugin-api-version": "2.3.0"
}
